
Microsoft Visual Studio Solution File, Format Version 12.00
# Visual Studio Version 17
VisualStudioVersion = 17.11.35208.52
MinimumVisualStudioVersion = 10.0.40219.1
Project("{FAE04EC0-301F-11D3-BF4B-00C04F79EFBC}") = "MessengerApp", "MessengerApp.csproj", "{8139D3B0-E1E4-43C9-B798-2F35C2F05416}"
EndProject
Global
	GlobalSection(SolutionConfigurationPlatforms) = preSolution
		Debug|Any CPU = Debug|Any CPU
		Release|Any CPU = Release|Any CPU
	EndGlobalSection
	GlobalSection(ProjectConfigurationPlatforms) = postSolution
		{8139D3B0-E1E4-43C9-B798-2F35C2F05416}.Debug|Any CPU.ActiveCfg = Debug|Any CPU
		{8139D3B0-E1E4-43C9-B798-2F35C2F05416}.Debug|Any CPU.Build.0 = Debug|Any CPU
		{8139D3B0-E1E4-43C9-B798-2F35C2F05416}.Release|Any CPU.ActiveCfg = Release|Any CPU
		{8139D3B0-E1E4-43C9-B798-2F35C2F05416}.Release|Any CPU.Build.0 = Release|Any CPU
	EndGlobalSection
	GlobalSection(SolutionProperties) = preSolution
		HideSolutionNode = FALSE
	EndGlobalSection
	GlobalSection(ExtensibilityGlobals) = postSolution
		SolutionGuid = {E126C546-DF30-4384-AEC0-B2F53E2360A3}
	EndGlobalSection
EndGlobal
